<?xml version="1.0" encoding="utf-8"?>
<Project ToolsVersion="4.0" xmlns="http://schemas.microsoft.com/developer/msbuild/2003">
  <ItemGroup>
    <Filter Include="Исходные файлы">
      <UniqueIdentifier>{4FC737F1-C7A5-4376-A066-2A32D752A2FF}</UniqueIdentifier>
      <Extensions>cpp;c;cc;cxx;c++;cppm;ixx;def;odl;idl;hpj;bat;asm;asmx</Extensions>
    </Filter>
    <Filter Include="Файлы заголовков">
      <UniqueIdentifier>{93995380-89BD-4b04-88EB-625FBE52EBFB}</UniqueIdentifier>
      <Extensions>h;hh;hpp;hxx;h++;hm;inl;inc;ipp;xsd</Extensions>
    </Filter>
    <Filter Include="Файлы ресурсов">
      <UniqueIdentifier>{67DA6AB6-F800-4c08-8B7A-83BB121AAD01}</UniqueIdentifier>
      <Extensions>rc;ico;cur;bmp;dlg;rc2;rct;bin;rgs;gif;jpg;jpeg;jpe;resx;tiff;tif;png;wav;mfcribbon-ms</Extensions>
    </Filter>
  </ItemGroup>
  <ItemGroup>
    <ClCompile Include="main.cpp">
      <Filter>Исходные файлы</Filter>
    </ClCompile>
    <ClCompile Include="error.cpp">
      <Filter>Исходные файлы</Filter>
    </ClCompile>
    <ClCompile Include="in.cpp">
      <Filter>Исходные файлы</Filter>
    </ClCompile>
    <ClCompile Include="parm.h">
      <Filter>Файлы заголовков</Filter>
    </ClCompile>
    <ClCompile Include="parm.cpp">
      <Filter>Исходные файлы</Filter>
    </ClCompile>
    <ClCompile Include="lexer.h">
      <Filter>Файлы заголовков</Filter>
    </ClCompile>
    <ClCompile Include="lexer.cpp">
      <Filter>Исходные файлы</Filter>
    </ClCompile>
    <ClCompile Include="lt.cpp">
      <Filter>Исходные файлы</Filter>
    </ClCompile>
    <ClCompile Include="it.cpp">
      <Filter>Исходные файлы</Filter>
    </ClCompile>
    <ClCompile Include="grb.cpp">
      <Filter>Исходные файлы</Filter>
    </ClCompile>
    <ClCompile Include="mfst.cpp">
      <Filter>Исходные файлы</Filter>
    </ClCompile>
    <ClCompile Include="polis.cpp">
      <Filter>Исходные файлы</Filter>
    </ClCompile>
    <ClCompile Include="log.cpp">
      <Filter>Исходные файлы</Filter>
    </ClCompile>
    <ClCompile Include="semantic.cpp">
      <Filter>Исходные файлы</Filter>
    </ClCompile>
    <ClCompile Include="ast.cpp">
      <Filter>Исходные файлы</Filter>
    </ClCompile>
  </ItemGroup>
  <ItemGroup>
    <ClInclude Include="error.h">
      <Filter>Файлы заголовков</Filter>
    </ClInclude>
    <ClInclude Include="in.h">
      <Filter>Файлы заголовков</Filter>
    </ClInclude>
    <ClInclude Include="lt.h">
      <Filter>Файлы заголовков</Filter>
    </ClInclude>
    <ClInclude Include="it.h">
      <Filter>Файлы заголовков</Filter>
    </ClInclude>
    <ClInclude Include="grb.h">
      <Filter>Файлы заголовков</Filter>
    </ClInclude>
    <ClInclude Include="mfst.h">
      <Filter>Файлы заголовков</Filter>
    </ClInclude>
    <ClInclude Include="polis.h">
      <Filter>Файлы заголовков</Filter>
    </ClInclude>
    <ClInclude Include="log.h">
      <Filter>Файлы заголовков</Filter>
    </ClInclude>
    <ClInclude Include="semantic.h">
      <Filter>Файлы заголовков</Filter>
    </ClInclude>
    <ClInclude Include="ast.h">
      <Filter>Файлы заголовков</Filter>
    </ClInclude>
  </ItemGroup>
  <ItemGroup>
    <None Include="..\in.cny">
      <Filter>Файлы ресурсов</Filter>
    </None>
    <None Include="..\in.cny.out">
      <Filter>Файлы ресурсов</Filter>
    </None>
  </ItemGroup>
  <ItemGroup>
    <Text Include="..\in.cny.log">
      <Filter>Файлы ресурсов</Filter>
    </Text>
  </ItemGroup>
</Project>